
Microsoft Visual Studio Solution File, Format Version 12.00
# Visual Studio 14
VisualStudioVersion = 14.0.25123.0
MinimumVisualStudioVersion = 10.0.40219.1
Project("{2150E333-8FDC-42A3-9474-1A3956D46DE8}") = "Complex Domain", "Complex Domain", "{8BEC3144-F833-4B6E-99F0-AAE470EB275B}"
EndProject
Project("{2150E333-8FDC-42A3-9474-1A3956D46DE8}") = "Server", "Server", "{CC3CFA90-AD2B-499B-AFC8-8B1FB1CC4B30}"
EndProject
Project("{2150E333-8FDC-42A3-9474-1A3956D46DE8}") = "WEB", "WEB", "{9D1C82F7-94E7-4F8C-8D57-7EBD230E3CD2}"
EndProject
Project("{2150E333-8FDC-42A3-9474-1A3956D46DE8}") = "2 - Cadastro", "2 - Cadastro", "{B9212B41-5687-487F-827C-A17881B51E51}"
EndProject
Project("{2150E333-8FDC-42A3-9474-1A3956D46DE8}") = "3 - Financeiro", "3 - Financeiro", "{195BB430-B41A-4670-A6DC-E184786F0DAA}"
EndProject
Project("{2150E333-8FDC-42A3-9474-1A3956D46DE8}") = "2.1 - Infra", "2.1 - Infra", "{C3489C2D-67F2-47D0-AEF3-6C471495AF14}"
EndProject
Project("{2150E333-8FDC-42A3-9474-1A3956D46DE8}") = "2.2 - Domain", "2.2 - Domain", "{8456E674-113E-400A-92E6-D8C17B15E780}"
EndProject
Project("{2150E333-8FDC-42A3-9474-1A3956D46DE8}") = "2.3 - Application", "2.3 - Application", "{197D4F7A-F60D-4220-8A29-5C28860F13AE}"
EndProject
Project("{2150E333-8FDC-42A3-9474-1A3956D46DE8}") = "CrossCutting", "CrossCutting", "{D088587E-B054-4C9A-BA8F-E7FEF4188221}"
EndProject
Project("{2150E333-8FDC-42A3-9474-1A3956D46DE8}") = "Data", "Data", "{639A32A4-6B49-4F0C-8171-B25D8A56CDE1}"
EndProject
Project("{FAE04EC0-301F-11D3-BF4B-00C04F79EFBC}") = "ATS.Cadastro.Infra.CrossCutting.IoC", "Source\ATS.Cadastro.Infra.CrossCutting.IoC\ATS.Cadastro.Infra.CrossCutting.IoC.csproj", "{E270C287-1F32-4DFD-BA34-970AE25FC5F8}"
EndProject
Project("{2150E333-8FDC-42A3-9474-1A3956D46DE8}") = "1 - Infra", "1 - Infra", "{733B873C-BB34-4E57-BEF8-6F8AB4924A66}"
EndProject
Project("{2150E333-8FDC-42A3-9474-1A3956D46DE8}") = "2 - Domain", "2 - Domain", "{9D66D27A-4CCB-4184-AAE3-209B899658BA}"
EndProject
Project("{2150E333-8FDC-42A3-9474-1A3956D46DE8}") = "3 - Application", "3 - Application", "{7D238F45-D54D-4D4D-8915-8945B42CF552}"
EndProject
Project("{FAE04EC0-301F-11D3-BF4B-00C04F79EFBC}") = "ATS.Cadastro.Infra.CrossCutting.Identity", "Source\ATS.Cadastro.Infra.CrossCutting.Identity\ATS.Cadastro.Infra.CrossCutting.Identity.csproj", "{FF3543C7-0701-470F-BCBB-8BF4D994E69A}"
EndProject
Project("{FAE04EC0-301F-11D3-BF4B-00C04F79EFBC}") = "ATS.Cadastro.Infra.Data", "Source\ATS.Cadastro.Infra.Data\ATS.Cadastro.Infra.Data.csproj", "{96C9EE69-40DB-4AE8-A8DD-C3DF64442491}"
EndProject
Project("{FAE04EC0-301F-11D3-BF4B-00C04F79EFBC}") = "ATS.Cadastro.Domain", "Source\ATS.Cadastro.Domain\ATS.Cadastro.Domain.csproj", "{0A99B8B2-DEA1-4C3C-8507-4997BBC674F4}"
EndProject
Project("{FAE04EC0-301F-11D3-BF4B-00C04F79EFBC}") = "ATS.Cadastro.Application", "Source\ATS.Cadastro.Application\ATS.Cadastro.Application.csproj", "{493E1572-1952-4373-BEC2-DCB6066E8D88}"
EndProject
Project("{2150E333-8FDC-42A3-9474-1A3956D46DE8}") = "WCF", "WCF", "{80B63416-E02B-49C2-BAF3-9A719551ABFA}"
EndProject
Project("{2150E333-8FDC-42A3-9474-1A3956D46DE8}") = "WPF", "WPF", "{A4089A25-8A9F-4622-A0D4-1DD5587C1F34}"
EndProject
Project("{2150E333-8FDC-42A3-9474-1A3956D46DE8}") = "1 - Core", "1 - Core", "{D1821F27-8C87-483B-93FF-28E5F658286F}"
EndProject
Project("{FAE04EC0-301F-11D3-BF4B-00C04F79EFBC}") = "ATS.Core.Domain", "Source\ATS.Core.Domain\ATS.Core.Domain.csproj", "{85467502-3D66-4F1D-A14A-C6601DCA104F}"
EndProject
Project("{FAE04EC0-301F-11D3-BF4B-00C04F79EFBC}") = "ATS.Presentation.Web", "Source\ATS.Presentation.Web\ATS.Presentation.Web.csproj", "{E2204388-E873-481B-8355-6C3E5357BD59}"
EndProject
Project("{2150E333-8FDC-42A3-9474-1A3956D46DE8}") = "WFA", "WFA", "{4DA247D2-C57D-4E31-8BE8-AD71C9889173}"
EndProject
Project("{FAE04EC0-301F-11D3-BF4B-00C04F79EFBC}") = "ATS.Presentation.WFA", "Source\ATS.Presentation.WFA\ATS.Presentation.WFA.csproj", "{E9B40610-7558-49D0-A537-D27397DAF043}"
EndProject
Global
	GlobalSection(SolutionConfigurationPlatforms) = preSolution
		Debug|Any CPU = Debug|Any CPU
		Release|Any CPU = Release|Any CPU
	EndGlobalSection
	GlobalSection(ProjectConfigurationPlatforms) = postSolution
		{E270C287-1F32-4DFD-BA34-970AE25FC5F8}.Debug|Any CPU.ActiveCfg = Debug|Any CPU
		{E270C287-1F32-4DFD-BA34-970AE25FC5F8}.Debug|Any CPU.Build.0 = Debug|Any CPU
		{E270C287-1F32-4DFD-BA34-970AE25FC5F8}.Release|Any CPU.ActiveCfg = Release|Any CPU
		{E270C287-1F32-4DFD-BA34-970AE25FC5F8}.Release|Any CPU.Build.0 = Release|Any CPU
		{FF3543C7-0701-470F-BCBB-8BF4D994E69A}.Debug|Any CPU.ActiveCfg = Debug|Any CPU
		{FF3543C7-0701-470F-BCBB-8BF4D994E69A}.Debug|Any CPU.Build.0 = Debug|Any CPU
		{FF3543C7-0701-470F-BCBB-8BF4D994E69A}.Release|Any CPU.ActiveCfg = Release|Any CPU
		{FF3543C7-0701-470F-BCBB-8BF4D994E69A}.Release|Any CPU.Build.0 = Release|Any CPU
		{96C9EE69-40DB-4AE8-A8DD-C3DF64442491}.Debug|Any CPU.ActiveCfg = Debug|Any CPU
		{96C9EE69-40DB-4AE8-A8DD-C3DF64442491}.Debug|Any CPU.Build.0 = Debug|Any CPU
		{96C9EE69-40DB-4AE8-A8DD-C3DF64442491}.Release|Any CPU.ActiveCfg = Release|Any CPU
		{96C9EE69-40DB-4AE8-A8DD-C3DF64442491}.Release|Any CPU.Build.0 = Release|Any CPU
		{0A99B8B2-DEA1-4C3C-8507-4997BBC674F4}.Debug|Any CPU.ActiveCfg = Debug|Any CPU
		{0A99B8B2-DEA1-4C3C-8507-4997BBC674F4}.Debug|Any CPU.Build.0 = Debug|Any CPU
		{0A99B8B2-DEA1-4C3C-8507-4997BBC674F4}.Release|Any CPU.ActiveCfg = Release|Any CPU
		{0A99B8B2-DEA1-4C3C-8507-4997BBC674F4}.Release|Any CPU.Build.0 = Release|Any CPU
		{493E1572-1952-4373-BEC2-DCB6066E8D88}.Debug|Any CPU.ActiveCfg = Debug|Any CPU
		{493E1572-1952-4373-BEC2-DCB6066E8D88}.Debug|Any CPU.Build.0 = Debug|Any CPU
		{493E1572-1952-4373-BEC2-DCB6066E8D88}.Release|Any CPU.ActiveCfg = Release|Any CPU
		{493E1572-1952-4373-BEC2-DCB6066E8D88}.Release|Any CPU.Build.0 = Release|Any CPU
		{85467502-3D66-4F1D-A14A-C6601DCA104F}.Debug|Any CPU.ActiveCfg = Debug|Any CPU
		{85467502-3D66-4F1D-A14A-C6601DCA104F}.Debug|Any CPU.Build.0 = Debug|Any CPU
		{85467502-3D66-4F1D-A14A-C6601DCA104F}.Release|Any CPU.ActiveCfg = Release|Any CPU
		{85467502-3D66-4F1D-A14A-C6601DCA104F}.Release|Any CPU.Build.0 = Release|Any CPU
		{E2204388-E873-481B-8355-6C3E5357BD59}.Debug|Any CPU.ActiveCfg = Debug|Any CPU
		{E2204388-E873-481B-8355-6C3E5357BD59}.Debug|Any CPU.Build.0 = Debug|Any CPU
		{E2204388-E873-481B-8355-6C3E5357BD59}.Release|Any CPU.ActiveCfg = Release|Any CPU
		{E2204388-E873-481B-8355-6C3E5357BD59}.Release|Any CPU.Build.0 = Release|Any CPU
		{E9B40610-7558-49D0-A537-D27397DAF043}.Debug|Any CPU.ActiveCfg = Debug|Any CPU
		{E9B40610-7558-49D0-A537-D27397DAF043}.Debug|Any CPU.Build.0 = Debug|Any CPU
		{E9B40610-7558-49D0-A537-D27397DAF043}.Release|Any CPU.ActiveCfg = Release|Any CPU
		{E9B40610-7558-49D0-A537-D27397DAF043}.Release|Any CPU.Build.0 = Release|Any CPU
	EndGlobalSection
	GlobalSection(SolutionProperties) = preSolution
		HideSolutionNode = FALSE
	EndGlobalSection
	GlobalSection(NestedProjects) = preSolution
		{9D1C82F7-94E7-4F8C-8D57-7EBD230E3CD2} = {CC3CFA90-AD2B-499B-AFC8-8B1FB1CC4B30}
		{B9212B41-5687-487F-827C-A17881B51E51} = {8BEC3144-F833-4B6E-99F0-AAE470EB275B}
		{195BB430-B41A-4670-A6DC-E184786F0DAA} = {8BEC3144-F833-4B6E-99F0-AAE470EB275B}
		{C3489C2D-67F2-47D0-AEF3-6C471495AF14} = {B9212B41-5687-487F-827C-A17881B51E51}
		{8456E674-113E-400A-92E6-D8C17B15E780} = {B9212B41-5687-487F-827C-A17881B51E51}
		{197D4F7A-F60D-4220-8A29-5C28860F13AE} = {B9212B41-5687-487F-827C-A17881B51E51}
		{D088587E-B054-4C9A-BA8F-E7FEF4188221} = {C3489C2D-67F2-47D0-AEF3-6C471495AF14}
		{639A32A4-6B49-4F0C-8171-B25D8A56CDE1} = {C3489C2D-67F2-47D0-AEF3-6C471495AF14}
		{E270C287-1F32-4DFD-BA34-970AE25FC5F8} = {D088587E-B054-4C9A-BA8F-E7FEF4188221}
		{733B873C-BB34-4E57-BEF8-6F8AB4924A66} = {195BB430-B41A-4670-A6DC-E184786F0DAA}
		{9D66D27A-4CCB-4184-AAE3-209B899658BA} = {195BB430-B41A-4670-A6DC-E184786F0DAA}
		{7D238F45-D54D-4D4D-8915-8945B42CF552} = {195BB430-B41A-4670-A6DC-E184786F0DAA}
		{FF3543C7-0701-470F-BCBB-8BF4D994E69A} = {D088587E-B054-4C9A-BA8F-E7FEF4188221}
		{96C9EE69-40DB-4AE8-A8DD-C3DF64442491} = {639A32A4-6B49-4F0C-8171-B25D8A56CDE1}
		{0A99B8B2-DEA1-4C3C-8507-4997BBC674F4} = {8456E674-113E-400A-92E6-D8C17B15E780}
		{493E1572-1952-4373-BEC2-DCB6066E8D88} = {197D4F7A-F60D-4220-8A29-5C28860F13AE}
		{80B63416-E02B-49C2-BAF3-9A719551ABFA} = {CC3CFA90-AD2B-499B-AFC8-8B1FB1CC4B30}
		{A4089A25-8A9F-4622-A0D4-1DD5587C1F34} = {CC3CFA90-AD2B-499B-AFC8-8B1FB1CC4B30}
		{D1821F27-8C87-483B-93FF-28E5F658286F} = {8BEC3144-F833-4B6E-99F0-AAE470EB275B}
		{85467502-3D66-4F1D-A14A-C6601DCA104F} = {D1821F27-8C87-483B-93FF-28E5F658286F}
		{E2204388-E873-481B-8355-6C3E5357BD59} = {9D1C82F7-94E7-4F8C-8D57-7EBD230E3CD2}
		{4DA247D2-C57D-4E31-8BE8-AD71C9889173} = {CC3CFA90-AD2B-499B-AFC8-8B1FB1CC4B30}
		{E9B40610-7558-49D0-A537-D27397DAF043} = {4DA247D2-C57D-4E31-8BE8-AD71C9889173}
	EndGlobalSection
	GlobalSection(ExtensibilityGlobals) = postSolution
		EnterpriseLibraryConfigurationToolBinariesPathV6 = packages\EnterpriseLibrary.Common.6.0.1304.0\lib\NET45;packages\EnterpriseLibrary.Data.6.0.1304.0\lib\NET45
	EndGlobalSection
EndGlobal
